// !$*UTF8*$!
{
	archiveVersion = 1;
	classes = {
	};
	objectVersion = 46;
	objects = {

/* Begin PBXBuildFile section */
		EEC8CF6C204C090900F9023F /* AppDelegate.swift in Sources */ = {isa = PBXBuildFile; fileRef = EEC8CF6B204C090900F9023F /* AppDelegate.swift */; };
		EEC8CF6E204C090900F9023F /* ViewController.swift in Sources */ = {isa = PBXBuildFile; fileRef = EEC8CF6D204C090900F9023F /* ViewController.swift */; };
		EEC8CF71204C090900F9023F /* Main.storyboard in Resources */ = {isa = PBXBuildFile; fileRef = EEC8CF6F204C090900F9023F /* Main.storyboard */; };
		EEC8CF73204C090900F9023F /* Assets.xcassets in Resources */ = {isa = PBXBuildFile; fileRef = EEC8CF72204C090900F9023F /* Assets.xcassets */; };
		EEC8CF76204C090900F9023F /* LaunchScreen.storyboard in Resources */ = {isa = PBXBuildFile; fileRef = EEC8CF74204C090900F9023F /* LaunchScreen.storyboard */; };
/* End PBXBuildFile section */

/* Begin PBXFileReference section */
		EEC8CF68204C090900F9023F /* iOSAPP.app */ = {isa = PBXFileReference; explicitFileType = wrapper.application; includeInIndex = 0; path = iOSAPP.app; sourceTree = BUILT_PRODUCTS_DIR; };
		EEC8CF6B204C090900F9023F /* AppDelegate.swift */ = {isa = PBXFileReference; lastKnownFileType = sourcecode.swift; path = AppDelegate.swift; sourceTree = "<group>"; };
		EEC8CF6D204C090900F9023F /* ViewController.swift */ = {isa = PBXFileReference; lastKnownFileType = sourcecode.swift; path = ViewController.swift; sourceTree = "<group>"; };
		EEC8CF70204C090900F9023F /* Base */ = {isa = PBXFileReference; lastKnownFileType = file.storyboard; name = Base; path = Base.lproj/Main.storyboard; sourceTree = "<group>"; };
		EEC8CF72204C090900F9023F /* Assets.xcassets */ = {isa = PBXFileReference; lastKnownFileType = folder.assetcatalog; path = Assets.xcassets; sourceTree = "<group>"; };
		EEC8CF75204C090900F9023F /* Base */ = {isa = PBXFileReference; lastKnownFileType = file.storyboard; name = Base; path = Base.lproj/LaunchScreen.storyboard; sourceTree = "<group>"; };
		EEC8CF77204C090900F9023F /* Info.plist */ = {isa = PBXFileReference; lastKnownFileType = text.plist.xml; path = Info.plist; sourceTree = "<group>"; };
/* End PBXFileReference section */

/* Begin PBXFrameworksBuildPhase section */
		EEC8CF65204C090900F9023F /* Frameworks */ = {
			isa = PBXFrameworksBuildPhase;
			buildActionMask = 2147483647;
			files = (
			);
			runOnlyForDeploymentPostprocessing = 0;
		};
/* End PBXFrameworksBuildPhase section */

/* Begin PBXGroup section */
		EEC8CF5F204C090900F9023F = {
			isa = PBXGroup;
			children = (
				EEC8CF6A204C090900F9023F /* iOSAPP */,
				EEC8CF69204C090900F9023F /* Products */,
			);
			sourceTree = "<group>";
		};
		EEC8CF69204C090900F9023F /* Products */ = {
			isa = PBXGroup;
			children = (
				EEC8CF68204C090900F9023F /* iOSAPP.app */,
			);
			name = Products;
			sourceTree = "<group>";
		};
		EEC8CF6A204C090900F9023F /* iOSAPP */ = {
			isa = PBXGroup;
			children = (
				EEC8CF6B204C090900F9023F /* AppDelegate.swift */,
				EEC8CF6D204C090900F9023F /* ViewController.swift */,
				EEC8CF6F204C090900F9023F /* Main.storyboard */,
				EEC8CF72204C090900F9023F /* Assets.xcassets */,
				EEC8CF74204C090900F9023F /* LaunchScreen.storyboard */,
				EEC8CF77204C090900F9023F /* Info.plist */,
			);
			path = iOSAPP;
			sourceTree = "<group>";
		};
/* End PBXGroup section */

/* Begin PBXNativeTarget section */
		EEC8CF67204C090900F9023F /* iOSAPP */ = {
			isa = PBXNativeTarget;
			buildConfigurationList = EEC8CF7A204C090900F9023F /* Build configuration list for PBXNativeTarget "iOSAPP" */;
			buildPhases = (
				EEC8CF64204C090900F9023F /* Sources */,
				EEC8CF65204C090900F9023F /* Frameworks */,
				EEC8CF66204C090900F9023F /* Resources */,
			);
			buildRules = (
			);
			dependencies = (
			);
			name = iOSAPP;
			productName = iOSAPP;
			productReference = EEC8CF68204C090900F9023F /* iOSAPP.app */;
			productType = "com.apple.product-type.application";
		};
/* End PBXNativeTarget section */

/* Begin PBXProject section */
		EEC8CF60204C090900F9023F /* Project object */ = {
			isa = PBXProject;
			attributes = {
				LastSwiftUpdateCheck = 0830;
				LastUpgradeCheck = 0830;
				ORGANIZATIONNAME = GDCP;
				TargetAttributes = {
					EEC8CF67204C090900F9023F = {
						CreatedOnToolsVersion = 8.3.3;
						ProvisioningStyle = Automatic;
					};
				};
			};
			buildConfigurationList = EEC8CF63204C090900F9023F /* Build configuration list for PBXProject "iOSAPP" */;
			compatibilityVersion = "Xcode 3.2";
			developmentRegion = English;
			hasScannedForEncodings = 0;
			knownRegions = (
				en,
				Base,
			);
			mainGroup = EEC8CF5F204C090900F9023F;
			productRefGroup = EEC8CF69204C090900F9023F /* Products */;
			projectDirPath = "";
			projectRoot = "";
			targets = (
				EEC8CF67204C090900F9023F /* iOSAPP */,
			);
		};
/* End PBXProject section */

/* Begin PBXResourcesBuildPhase section */
		EEC8CF66204C090900F9023F /* Resources */ = {
			isa = PBXResourcesBuildPhase;
			buildActionMask = 2147483647;
			files = (
				EEC8CF76204C090900F9023F /* LaunchScreen.storyboard in Resources */,
				EEC8CF73204C090900F9023F /* Assets.xcassets in Resources */,
				EEC8CF71204C090900F9023F /* Main.storyboard in Resources */,
			);
			runOnlyForDeploymentPostprocessing = 0;
		};
/* End PBXResourcesBuildPhase section */

/* Begin PBXSourcesBuildPhase section */
		EEC8CF64204C090900F9023F /* Sources */ = {
			isa = PBXSourcesBuildPhase;
			buildActionMask = 2147483647;
			files = (
				EEC8CF6E204C090900F9023F /* ViewController.swift in Sources */,
				EEC8CF6C204C090900F9023F /* AppDelegate.swift in Sources */,
			);
			runOnlyForDeploymentPostprocessing = 0;
		};
/* End PBXSourcesBuildPhase section */

/* Begin PBXVariantGroup section */
		EEC8CF6F204C090900F9023F /* Main.storyboard */ = {
			isa = PBXVariantGroup;
			children = (
				EEC8CF70204C090900F9023F /* Base */,
			);
			name = Main.storyboard;
			sourceTree = "<group>";
		};
		EEC8CF74204C090900F9023F /* LaunchScreen.storyboard */ = {
			isa = PBXVariantGroup;
			children = (
				EEC8CF75204C090900F9023F /* Base */,
			);
			name = LaunchScreen.storyboard;
			sourceTree = "<group>";
		};
/* End PBXVariantGroup section */

/* Begin XCBuildConfiguration section */
		EEC8CF78204C090900F9023F /* Debug */ = {
			isa = XCBuildConfiguration;
			buildSettings = {
				ALWAYS_SEARCH_USER_PATHS = NO;
				CLANG_ANALYZER_NONNULL = YES;
				CLANG_ANALYZER_NUMBER_OBJECT_CONVERSION = YES_AGGRESSIVE;
				CLANG_CXX_LANGUAGE_STANDARD = "gnu++0x";
				CLANG_CXX_LIBRARY = "libc++";
				CLANG_ENABLE_MODULES = YES;
				CLANG_ENABLE_OBJC_ARC = YES;
				CLANG_WARN_BOOL_CONVERSION = YES;
				CLANG_WARN_CONSTANT_CONVERSION = YES;
				CLANG_WARN_DIRECT_OBJC_ISA_USAGE = YES_ERROR;
				CLANG_WARN_DOCUMENTATION_COMMENTS = YES;
				CLANG_WARN_EMPTY_BODY = YES;
				CLANG_WARN_ENUM_CONVERSION = YES;
				CLANG_WARN_INFINITE_RECURSION = YES;
				CLANG_WARN_INT_CONVERSION = YES;
				CLANG_WARN_OBJC_ROOT_CLASS = YES_ERROR;
				CLANG_WARN_SUSPICIOUS_MOVE = YES;
				CLANG_WARN_UNREACHABLE_CODE = YES;
				CLANG_WARN__DUPLICATE_METHOD_MATCH = YES;
				"CODE_SIGN_IDENTITY[sdk=iphoneos*]" = "iPhone Developer";
				COPY_PHASE_STRIP = NO;
				DEBUG_INFORMATION_FORMAT = dwarf;
				ENABLE_STRICT_OBJC_MSGSEND = YES;
				ENABLE_TESTABILITY = YES;
				GCC_C_LANGUAGE_STANDARD = gnu99;
				GCC_DYNAMIC_NO_PIC = NO;
				GCC_NO_COMMON_BLOCKS = YES;
				GCC_OPTIMIZATION_LEVEL = 0;
				GCC_PREPROCESSOR_DEFINITIONS = (
					"DEBUG=1",
					"$(inherited)",
				);
				GCC_WARN_64_TO_32_BIT_CONVERSION = YES;
				GCC_WARN_ABOUT_RETURN_TYPE = YES_ERROR;
				GCC_WARN_UNDECLARED_SELECTOR = YES;
				GCC_WARN_UNINITIALIZED_AUTOS = YES_AGGRESSIVE;
				GCC_WARN_UNUSED_FUNCTION = YES;
				GCC_WARN_UNUSED_VARIABLE = YES;
				IPHONEOS_DEPLOYMENT_TARGET = 10.3;
				MTL_ENABLE_DEBUG_INFO = YES;
				ONLY_ACTIVE_ARCH = YES;
				SDKROOT = iphoneos;
				SWIFT_ACTIVE_COMPILATION_CONDITIONS = DEBUG;
				SWIFT_OPTIMIZATION_LEVEL = "-Onone";
				TARGETED_DEVICE_FAMILY = "1,2";
			};
			name = Debug;
		};
		EEC8CF79204C090900F9023F /* Release */ = {
			isa = XCBuildConfiguration;
			buildSettings = {
				ALWAYS_SEARCH_USER_PATHS = NO;
				CLANG_ANALYZER_NONNULL = YES;
				CLANG_ANALYZER_NUMBER_OBJECT_CONVERSION = YES_AGGRESSIVE;
				CLANG_CXX_LANGUAGE_STANDARD = "gnu++0x";
				CLANG_CXX_LIBRARY = "libc++";
				CLANG_ENABLE_MODULES = YES;
				CLANG_ENABLE_OBJC_ARC = YES;
				CLANG_WARN_BOOL_CONVERSION = YES;
				CLANG_WARN_CONSTANT_CONVERSION = YES;
				CLANG_WARN_DIRECT_OBJC_ISA_USAGE = YES_ERROR;
				CLANG_WARN_DOCUMENTATION_COMMENTS = YES;
				CLANG_WARN_EMPTY_BODY = YES;
				CLANG_WARN_ENUM_CONVERSION = YES;
				CLANG_WARN_INFINITE_RECURSION = YES;
				CLANG_WARN_INT_CONVERSION = YES;
				CLANG_WARN_OBJC_ROOT_CLASS = YES_ERROR;
				CLANG_WARN_SUSPICIOUS_MOVE = YES;
				CLANG_WARN_UNREACHABLE_CODE = YES;
				CLANG_WARN__DUPLICATE_METHOD_MATCH = YES;
				"CODE_SIGN_IDENTITY[sdk=iphoneos*]" = "iPhone Developer";
				COPY_PHASE_STRIP = NO;
				DEBUG_INFORMATION_FORMAT = "dwarf-with-dsym";
				ENABLE_NS_ASSERTIONS = NO;
				ENABLE_STRICT_OBJC_MSGSEND = YES;
				GCC_C_LANGUAGE_STANDARD = gnu99;
				GCC_NO_COMMON_BLOCKS = YES;
				GCC_WARN_64_TO_32_BIT_CONVERSION = YES;
				GCC_WARN_ABOUT_RETURN_TYPE = YES_ERROR;
				GCC_WARN_UNDECLARED_SELECTOR = YES;
				GCC_WARN_UNINITIALIZED_AUTOS = YES_AGGRESSIVE;
				GCC_WARN_UNUSED_FUNCTION = YES;
				GCC_WARN_UNUSED_VARIABLE = YES;
				IPHONEOS_DEPLOYMENT_TARGET = 10.3;
				MTL_ENABLE_DEBUG_INFO = NO;
				SDKROOT = iphoneos;
				SWIFT_OPTIMIZATION_LEVEL = "-Owholemodule";
				TARGETED_DEVICE_FAMILY = "1,2";
				VALIDATE_PRODUCT = YES;
			};
			name = Release;
		};
		EEC8CF7B204C090900F9023F /* Debug */ = {
			isa = XCBuildConfiguration;
			buildSettings = {
				ASSETCATALOG_COMPILER_APPICON_NAME = AppIcon;
				INFOPLIST_FILE = iOSAPP/Info.plist;
				LD_RUNPATH_SEARCH_PATHS = "$(inherited) @executable_path/Frameworks";
				PRODUCT_BUNDLE_IDENTIFIER = GDCP.iOSAPP;
				PRODUCT_NAME = "$(TARGET_NAME)";
				SWIFT_VERSION = 3.0;
			};
			name = Debug;
		};
		EEC8CF7C204C090900F9023F /* Release */ = {
			isa = XCBuildConfiguration;
			buildSettings = {
				ASSETCATALOG_COMPILER_APPICON_NAME = AppIcon;
				INFOPLIST_FILE = iOSAPP/Info.plist;
				LD_RUNPATH_SEARCH_PATHS = "$(inherited) @executable_path/Frameworks";
				PRODUCT_BUNDLE_IDENTIFIER = GDCP.iOSAPP;
				PRODUCT_NAME = "$(TARGET_NAME)";
				SWIFT_VERSION = 3.0;
			};
			name = Release;
		};
/* End XCBuildConfiguration section */

/* Begin XCConfigurationList section */
		EEC8CF63204C090900F9023F /* Build configuration list for PBXProject "iOSAPP" */ = {
			isa = XCConfigurationList;
			buildConfigurations = (
				EEC8CF78204C090900F9023F /* Debug */,
				EEC8CF79204C090900F9023F /* Release */,
			);
			defaultConfigurationIsVisible = 0;
			defaultConfigurationName = Release;
		};
		EEC8CF7A204C090900F9023F /* Build configuration list for PBXNativeTarget "iOSAPP" */ = {
			isa = XCConfigurationList;
			buildConfigurations = (
				EEC8CF7B204C090900F9023F /* Debug */,
				EEC8CF7C204C090900F9023F /* Release */,
			);
			defaultConfigurationIsVisible = 0;
		};
/* End XCConfigurationList section */
	};
	rootObject = EEC8CF60204C090900F9023F /* Project object */;
}
